PODS:
  - MWFeedParser (1.0.1):
    - MWFeedParser/FeedParser
    - MWFeedParser/NSDate+InternetDateTime
    - MWFeedParser/NSString+HTML
  - MWFeedParser/FeedParser (1.0.1):
    - MWFeedParser/NSDate+InternetDateTime
    - MWFeedParser/NSString+HTML
  - MWFeedParser/NSDate+InternetDateTime (1.0.1)
  - MWFeedParser/NSString+HTML (1.0.1)

DEPENDENCIES:
  - MWFeedParser (from `https://github.com/jocelynlih/MWFeedParser`)

EXTERNAL SOURCES:
  MWFeedParser:
    :git: https://github.com/jocelynlih/MWFeedParser

SPEC CHECKSUMS:
  MWFeedParser: c747d7e43ad365a7f18e84924496665944228e86

COCOAPODS: 0.34.1
