PODS:
  - MWFeedParser (1.0.1):
    - MWFeedParser/FeedParser (= 1.0.1)
    - MWFeedParser/NSDate+InternetDateTime (= 1.0.1)
    - MWFeedParser/NSString+HTML (= 1.0.1)
  - MWFeedParser/FeedParser (1.0.1):
    - MWFeedParser/NSDate+InternetDateTime
    - MWFeedParser/NSString+HTML
  - MWFeedParser/NSDate+InternetDateTime (1.0.1)
  - MWFeedParser/NSString+HTML (1.0.1)

DEPENDENCIES:
  - MWFeedParser (from `https://github.com/jocelynlih/MWFeedParser`)

EXTERNAL SOURCES:
  MWFeedParser:
    :git: https://github.com/jocelynlih/MWFeedParser

CHECKOUT OPTIONS:
  MWFeedParser:
    :commit: c92cb358d717795c96af4a4734a56775513e0338
    :git: https://github.com/jocelynlih/MWFeedParser

SPEC CHECKSUMS:
  MWFeedParser: 2cf646014c1baf6ad1b08c480b40a08180079247

COCOAPODS: 0.39.0
